
Microsoft Visual Studio Solution File, Format Version 12.00
# Visual Studio Version 17
VisualStudioVersion = 17.0.31912.275
MinimumVisualStudioVersion = 15.0.26124.0
Project("{2150E333-8FDC-42A3-9474-1A3956D46DE8}") = "src", "src", "{C4A12E85-7FC4-47A5-907C-20DC5E0D141C}"
EndProject
Project("{9A19103F-16F7-4668-BE54-9A1E7A4F7556}") = "IDS4Admin.Admin", "src\IDS4Admin.Admin\IDS4Admin.Admin.csproj", "{698CAC59-4332-4767-91E7-FE088B3220B0}"
EndProject
Project("{9A19103F-16F7-4668-BE54-9A1E7A4F7556}") = "IDS4Admin.STS.Identity", "src\IDS4Admin.STS.Identity\IDS4Admin.STS.Identity.csproj", "{42727141-4827-4B61-900D-EAE0B4590108}"
EndProject
Project("{9A19103F-16F7-4668-BE54-9A1E7A4F7556}") = "IDS4Admin.Admin.EntityFramework.Shared", "src\IDS4Admin.Admin.EntityFramework.Shared\IDS4Admin.Admin.EntityFramework.Shared.csproj", "{E3F34055-8712-4577-8F01-C40AB0504E61}"
EndProject
Project("{9A19103F-16F7-4668-BE54-9A1E7A4F7556}") = "IDS4Admin.Admin.EntityFramework.MySql", "src\IDS4Admin.Admin.EntityFramework.MySql\IDS4Admin.Admin.EntityFramework.MySql.csproj", "{16400F5A-C307-417A-9F2A-32E6BDF6E531}"
EndProject
Project("{9A19103F-16F7-4668-BE54-9A1E7A4F7556}") = "IDS4Admin.Admin.EntityFramework.PostgreSQL", "src\IDS4Admin.Admin.EntityFramework.PostgreSQL\IDS4Admin.Admin.EntityFramework.PostgreSQL.csproj", "{229FA428-A8CC-4A20-AB80-DF4FF4E4229D}"
EndProject
Project("{9A19103F-16F7-4668-BE54-9A1E7A4F7556}") = "IDS4Admin.Admin.EntityFramework.SqlServer", "src\IDS4Admin.Admin.EntityFramework.SqlServer\IDS4Admin.Admin.EntityFramework.SqlServer.csproj", "{28D34DF2-D4AC-47E6-99AA-313073D292D5}"
EndProject
Project("{9A19103F-16F7-4668-BE54-9A1E7A4F7556}") = "IDS4Admin.Shared", "src\IDS4Admin.Shared\IDS4Admin.Shared.csproj", "{84DBE411-8CDC-4883-BB00-4F54FBAEA9AA}"
EndProject
Project("{9A19103F-16F7-4668-BE54-9A1E7A4F7556}") = "IDS4Admin.Tool", "src\IDS4Admin.Tool\IDS4Admin.Tool.csproj", "{748FF72B-A5DF-4FB9-98C7-F96A262064B7}"
EndProject
Global
	GlobalSection(SolutionConfigurationPlatforms) = preSolution
		Debug|Any CPU = Debug|Any CPU
		Debug|x64 = Debug|x64
		Debug|x86 = Debug|x86
		Release|Any CPU = Release|Any CPU
		Release|x64 = Release|x64
		Release|x86 = Release|x86
	EndGlobalSection
	GlobalSection(ProjectConfigurationPlatforms) = postSolution
		{698CAC59-4332-4767-91E7-FE088B3220B0}.Debug|Any CPU.ActiveCfg = Debug|Any CPU
		{698CAC59-4332-4767-91E7-FE088B3220B0}.Debug|Any CPU.Build.0 = Debug|Any CPU
		{698CAC59-4332-4767-91E7-FE088B3220B0}.Debug|x64.ActiveCfg = Debug|Any CPU
		{698CAC59-4332-4767-91E7-FE088B3220B0}.Debug|x64.Build.0 = Debug|Any CPU
		{698CAC59-4332-4767-91E7-FE088B3220B0}.Debug|x86.ActiveCfg = Debug|Any CPU
		{698CAC59-4332-4767-91E7-FE088B3220B0}.Debug|x86.Build.0 = Debug|Any CPU
		{698CAC59-4332-4767-91E7-FE088B3220B0}.Release|Any CPU.ActiveCfg = Release|Any CPU
		{698CAC59-4332-4767-91E7-FE088B3220B0}.Release|Any CPU.Build.0 = Release|Any CPU
		{698CAC59-4332-4767-91E7-FE088B3220B0}.Release|x64.ActiveCfg = Release|Any CPU
		{698CAC59-4332-4767-91E7-FE088B3220B0}.Release|x64.Build.0 = Release|Any CPU
		{698CAC59-4332-4767-91E7-FE088B3220B0}.Release|x86.ActiveCfg = Release|Any CPU
		{698CAC59-4332-4767-91E7-FE088B3220B0}.Release|x86.Build.0 = Release|Any CPU
		{42727141-4827-4B61-900D-EAE0B4590108}.Debug|Any CPU.ActiveCfg = Debug|Any CPU
		{42727141-4827-4B61-900D-EAE0B4590108}.Debug|Any CPU.Build.0 = Debug|Any CPU
		{42727141-4827-4B61-900D-EAE0B4590108}.Debug|x64.ActiveCfg = Debug|Any CPU
		{42727141-4827-4B61-900D-EAE0B4590108}.Debug|x64.Build.0 = Debug|Any CPU
		{42727141-4827-4B61-900D-EAE0B4590108}.Debug|x86.ActiveCfg = Debug|Any CPU
		{42727141-4827-4B61-900D-EAE0B4590108}.Debug|x86.Build.0 = Debug|Any CPU
		{42727141-4827-4B61-900D-EAE0B4590108}.Release|Any CPU.ActiveCfg = Release|Any CPU
		{42727141-4827-4B61-900D-EAE0B4590108}.Release|Any CPU.Build.0 = Release|Any CPU
		{42727141-4827-4B61-900D-EAE0B4590108}.Release|x64.ActiveCfg = Release|Any CPU
		{42727141-4827-4B61-900D-EAE0B4590108}.Release|x64.Build.0 = Release|Any CPU
		{42727141-4827-4B61-900D-EAE0B4590108}.Release|x86.ActiveCfg = Release|Any CPU
		{42727141-4827-4B61-900D-EAE0B4590108}.Release|x86.Build.0 = Release|Any CPU
		{E3F34055-8712-4577-8F01-C40AB0504E61}.Debug|Any CPU.ActiveCfg = Debug|Any CPU
		{E3F34055-8712-4577-8F01-C40AB0504E61}.Debug|Any CPU.Build.0 = Debug|Any CPU
		{E3F34055-8712-4577-8F01-C40AB0504E61}.Debug|x64.ActiveCfg = Debug|Any CPU
		{E3F34055-8712-4577-8F01-C40AB0504E61}.Debug|x64.Build.0 = Debug|Any CPU
		{E3F34055-8712-4577-8F01-C40AB0504E61}.Debug|x86.ActiveCfg = Debug|Any CPU
		{E3F34055-8712-4577-8F01-C40AB0504E61}.Debug|x86.Build.0 = Debug|Any CPU
		{E3F34055-8712-4577-8F01-C40AB0504E61}.Release|Any CPU.ActiveCfg = Release|Any CPU
		{E3F34055-8712-4577-8F01-C40AB0504E61}.Release|Any CPU.Build.0 = Release|Any CPU
		{E3F34055-8712-4577-8F01-C40AB0504E61}.Release|x64.ActiveCfg = Release|Any CPU
		{E3F34055-8712-4577-8F01-C40AB0504E61}.Release|x64.Build.0 = Release|Any CPU
		{E3F34055-8712-4577-8F01-C40AB0504E61}.Release|x86.ActiveCfg = Release|Any CPU
		{E3F34055-8712-4577-8F01-C40AB0504E61}.Release|x86.Build.0 = Release|Any CPU
		{16400F5A-C307-417A-9F2A-32E6BDF6E531}.Debug|Any CPU.ActiveCfg = Debug|Any CPU
		{16400F5A-C307-417A-9F2A-32E6BDF6E531}.Debug|Any CPU.Build.0 = Debug|Any CPU
		{16400F5A-C307-417A-9F2A-32E6BDF6E531}.Debug|x64.ActiveCfg = Debug|Any CPU
		{16400F5A-C307-417A-9F2A-32E6BDF6E531}.Debug|x64.Build.0 = Debug|Any CPU
		{16400F5A-C307-417A-9F2A-32E6BDF6E531}.Debug|x86.ActiveCfg = Debug|Any CPU
		{16400F5A-C307-417A-9F2A-32E6BDF6E531}.Debug|x86.Build.0 = Debug|Any CPU
		{16400F5A-C307-417A-9F2A-32E6BDF6E531}.Release|Any CPU.ActiveCfg = Release|Any CPU
		{16400F5A-C307-417A-9F2A-32E6BDF6E531}.Release|Any CPU.Build.0 = Release|Any CPU
		{16400F5A-C307-417A-9F2A-32E6BDF6E531}.Release|x64.ActiveCfg = Release|Any CPU
		{16400F5A-C307-417A-9F2A-32E6BDF6E531}.Release|x64.Build.0 = Release|Any CPU
		{16400F5A-C307-417A-9F2A-32E6BDF6E531}.Release|x86.ActiveCfg = Release|Any CPU
		{16400F5A-C307-417A-9F2A-32E6BDF6E531}.Release|x86.Build.0 = Release|Any CPU
		{229FA428-A8CC-4A20-AB80-DF4FF4E4229D}.Debug|Any CPU.ActiveCfg = Debug|Any CPU
		{229FA428-A8CC-4A20-AB80-DF4FF4E4229D}.Debug|Any CPU.Build.0 = Debug|Any CPU
		{229FA428-A8CC-4A20-AB80-DF4FF4E4229D}.Debug|x64.ActiveCfg = Debug|Any CPU
		{229FA428-A8CC-4A20-AB80-DF4FF4E4229D}.Debug|x64.Build.0 = Debug|Any CPU
		{229FA428-A8CC-4A20-AB80-DF4FF4E4229D}.Debug|x86.ActiveCfg = Debug|Any CPU
		{229FA428-A8CC-4A20-AB80-DF4FF4E4229D}.Debug|x86.Build.0 = Debug|Any CPU
		{229FA428-A8CC-4A20-AB80-DF4FF4E4229D}.Release|Any CPU.ActiveCfg = Release|Any CPU
		{229FA428-A8CC-4A20-AB80-DF4FF4E4229D}.Release|Any CPU.Build.0 = Release|Any CPU
		{229FA428-A8CC-4A20-AB80-DF4FF4E4229D}.Release|x64.ActiveCfg = Release|Any CPU
		{229FA428-A8CC-4A20-AB80-DF4FF4E4229D}.Release|x64.Build.0 = Release|Any CPU
		{229FA428-A8CC-4A20-AB80-DF4FF4E4229D}.Release|x86.ActiveCfg = Release|Any CPU
		{229FA428-A8CC-4A20-AB80-DF4FF4E4229D}.Release|x86.Build.0 = Release|Any CPU
		{28D34DF2-D4AC-47E6-99AA-313073D292D5}.Debug|Any CPU.ActiveCfg = Debug|Any CPU
		{28D34DF2-D4AC-47E6-99AA-313073D292D5}.Debug|Any CPU.Build.0 = Debug|Any CPU
		{28D34DF2-D4AC-47E6-99AA-313073D292D5}.Debug|x64.ActiveCfg = Debug|Any CPU
		{28D34DF2-D4AC-47E6-99AA-313073D292D5}.Debug|x64.Build.0 = Debug|Any CPU
		{28D34DF2-D4AC-47E6-99AA-313073D292D5}.Debug|x86.ActiveCfg = Debug|Any CPU
		{28D34DF2-D4AC-47E6-99AA-313073D292D5}.Debug|x86.Build.0 = Debug|Any CPU
		{28D34DF2-D4AC-47E6-99AA-313073D292D5}.Release|Any CPU.ActiveCfg = Release|Any CPU
		{28D34DF2-D4AC-47E6-99AA-313073D292D5}.Release|Any CPU.Build.0 = Release|Any CPU
		{28D34DF2-D4AC-47E6-99AA-313073D292D5}.Release|x64.ActiveCfg = Release|Any CPU
		{28D34DF2-D4AC-47E6-99AA-313073D292D5}.Release|x64.Build.0 = Release|Any CPU
		{28D34DF2-D4AC-47E6-99AA-313073D292D5}.Release|x86.ActiveCfg = Release|Any CPU
		{28D34DF2-D4AC-47E6-99AA-313073D292D5}.Release|x86.Build.0 = Release|Any CPU
		{84DBE411-8CDC-4883-BB00-4F54FBAEA9AA}.Debug|Any CPU.ActiveCfg = Debug|Any CPU
		{84DBE411-8CDC-4883-BB00-4F54FBAEA9AA}.Debug|Any CPU.Build.0 = Debug|Any CPU
		{84DBE411-8CDC-4883-BB00-4F54FBAEA9AA}.Debug|x64.ActiveCfg = Debug|Any CPU
		{84DBE411-8CDC-4883-BB00-4F54FBAEA9AA}.Debug|x64.Build.0 = Debug|Any CPU
		{84DBE411-8CDC-4883-BB00-4F54FBAEA9AA}.Debug|x86.ActiveCfg = Debug|Any CPU
		{84DBE411-8CDC-4883-BB00-4F54FBAEA9AA}.Debug|x86.Build.0 = Debug|Any CPU
		{84DBE411-8CDC-4883-BB00-4F54FBAEA9AA}.Release|Any CPU.ActiveCfg = Release|Any CPU
		{84DBE411-8CDC-4883-BB00-4F54FBAEA9AA}.Release|Any CPU.Build.0 = Release|Any CPU
		{84DBE411-8CDC-4883-BB00-4F54FBAEA9AA}.Release|x64.ActiveCfg = Release|Any CPU
		{84DBE411-8CDC-4883-BB00-4F54FBAEA9AA}.Release|x64.Build.0 = Release|Any CPU
		{84DBE411-8CDC-4883-BB00-4F54FBAEA9AA}.Release|x86.ActiveCfg = Release|Any CPU
		{84DBE411-8CDC-4883-BB00-4F54FBAEA9AA}.Release|x86.Build.0 = Release|Any CPU
		{748FF72B-A5DF-4FB9-98C7-F96A262064B7}.Debug|Any CPU.ActiveCfg = Debug|Any CPU
		{748FF72B-A5DF-4FB9-98C7-F96A262064B7}.Debug|Any CPU.Build.0 = Debug|Any CPU
		{748FF72B-A5DF-4FB9-98C7-F96A262064B7}.Debug|x64.ActiveCfg = Debug|Any CPU
		{748FF72B-A5DF-4FB9-98C7-F96A262064B7}.Debug|x64.Build.0 = Debug|Any CPU
		{748FF72B-A5DF-4FB9-98C7-F96A262064B7}.Debug|x86.ActiveCfg = Debug|Any CPU
		{748FF72B-A5DF-4FB9-98C7-F96A262064B7}.Debug|x86.Build.0 = Debug|Any CPU
		{748FF72B-A5DF-4FB9-98C7-F96A262064B7}.Release|Any CPU.ActiveCfg = Release|Any CPU
		{748FF72B-A5DF-4FB9-98C7-F96A262064B7}.Release|Any CPU.Build.0 = Release|Any CPU
		{748FF72B-A5DF-4FB9-98C7-F96A262064B7}.Release|x64.ActiveCfg = Release|Any CPU
		{748FF72B-A5DF-4FB9-98C7-F96A262064B7}.Release|x64.Build.0 = Release|Any CPU
		{748FF72B-A5DF-4FB9-98C7-F96A262064B7}.Release|x86.ActiveCfg = Release|Any CPU
		{748FF72B-A5DF-4FB9-98C7-F96A262064B7}.Release|x86.Build.0 = Release|Any CPU
	EndGlobalSection
	GlobalSection(SolutionProperties) = preSolution
		HideSolutionNode = FALSE
	EndGlobalSection
	GlobalSection(NestedProjects) = preSolution
		{698CAC59-4332-4767-91E7-FE088B3220B0} = {C4A12E85-7FC4-47A5-907C-20DC5E0D141C}
		{42727141-4827-4B61-900D-EAE0B4590108} = {C4A12E85-7FC4-47A5-907C-20DC5E0D141C}
		{E3F34055-8712-4577-8F01-C40AB0504E61} = {C4A12E85-7FC4-47A5-907C-20DC5E0D141C}
		{16400F5A-C307-417A-9F2A-32E6BDF6E531} = {C4A12E85-7FC4-47A5-907C-20DC5E0D141C}
		{229FA428-A8CC-4A20-AB80-DF4FF4E4229D} = {C4A12E85-7FC4-47A5-907C-20DC5E0D141C}
		{28D34DF2-D4AC-47E6-99AA-313073D292D5} = {C4A12E85-7FC4-47A5-907C-20DC5E0D141C}
		{84DBE411-8CDC-4883-BB00-4F54FBAEA9AA} = {C4A12E85-7FC4-47A5-907C-20DC5E0D141C}
		{748FF72B-A5DF-4FB9-98C7-F96A262064B7} = {C4A12E85-7FC4-47A5-907C-20DC5E0D141C}
	EndGlobalSection
	GlobalSection(ExtensibilityGlobals) = postSolution
		SolutionGuid = {549F6BA2-7BF0-4104-9088-47D242078F31}
	EndGlobalSection
EndGlobal
